
Microsoft Visual Studio Solution File, Format Version 12.00
# Visual Studio 15
VisualStudioVersion = 15.0.28010.2036
MinimumVisualStudioVersion = 10.0.40219.1
Project("{F184B08F-C81C-45F6-A57F-5ABD9991F28F}") = "BlastViewer", "BlastViewer\BlastViewer.vbproj", "{C0E41D8D-C734-4AB3-8031-1E77C84168D0}"
	ProjectSection(ProjectDependencies) = postProject
		{E9EE5B1A-480E-4D3B-8D76-62CEB93AAAB8} = {E9EE5B1A-480E-4D3B-8D76-62CEB93AAAB8}
		{D2D39939-3EAC-4599-BF5B-41228D7E3BBF} = {D2D39939-3EAC-4599-BF5B-41228D7E3BBF}
		{B4503B4B-25D2-4580-84B8-FEBD08B9AF11} = {B4503B4B-25D2-4580-84B8-FEBD08B9AF11}
		{053ECC71-E49D-4254-9A5A-7D36B3F50D37} = {053ECC71-E49D-4254-9A5A-7D36B3F50D37}
		{E7756283-90B7-4450-A131-B7372F915532} = {E7756283-90B7-4450-A131-B7372F915532}
		{5FFC728C-F2BB-48DE-BCD4-BB25F860BFDD} = {5FFC728C-F2BB-48DE-BCD4-BB25F860BFDD}
	EndProjectSection
EndProject
Project("{F184B08F-C81C-45F6-A57F-5ABD9991F28F}") = "Szunyi.IO", "..\Szunyi.IO\Szunyi.IO\Szunyi.IO.vbproj", "{053ECC71-E49D-4254-9A5A-7D36B3F50D37}"
EndProject
Project("{F184B08F-C81C-45F6-A57F-5ABD9991F28F}") = "Szunyi.Common", "..\Szunyi.Common\Szunyi.Common\Szunyi.Common.vbproj", "{D2D39939-3EAC-4599-BF5B-41228D7E3BBF}"
EndProject
Project("{F184B08F-C81C-45F6-A57F-5ABD9991F28F}") = "Szunyi.BLAST", "..\Szunyi.BLAST\Szunyi.BLAST\Szunyi.BLAST.vbproj", "{E9EE5B1A-480E-4D3B-8D76-62CEB93AAAB8}"
EndProject
Project("{F184B08F-C81C-45F6-A57F-5ABD9991F28F}") = "Szunyi.Math", "..\Szunyi.Math\Szunyi.Math\Szunyi.Math.vbproj", "{E7756283-90B7-4450-A131-B7372F915532}"
EndProject
Project("{F184B08F-C81C-45F6-A57F-5ABD9991F28F}") = "Szunyi.Features", "..\Szunyi.Features\Szunyi.Features\Szunyi.Features.vbproj", "{5FFC728C-F2BB-48DE-BCD4-BB25F860BFDD}"
EndProject
Project("{F184B08F-C81C-45F6-A57F-5ABD9991F28F}") = "Szunyi.Sequences", "..\Szunyi.Sequences\Szunyi.Sequences\Szunyi.Sequences.vbproj", "{B4503B4B-25D2-4580-84B8-FEBD08B9AF11}"
EndProject
Global
	GlobalSection(SolutionConfigurationPlatforms) = preSolution
		Debug|Any CPU = Debug|Any CPU
		Release|Any CPU = Release|Any CPU
	EndGlobalSection
	GlobalSection(ProjectConfigurationPlatforms) = postSolution
		{C0E41D8D-C734-4AB3-8031-1E77C84168D0}.Debug|Any CPU.ActiveCfg = Debug|Any CPU
		{C0E41D8D-C734-4AB3-8031-1E77C84168D0}.Debug|Any CPU.Build.0 = Debug|Any CPU
		{C0E41D8D-C734-4AB3-8031-1E77C84168D0}.Release|Any CPU.ActiveCfg = Release|Any CPU
		{C0E41D8D-C734-4AB3-8031-1E77C84168D0}.Release|Any CPU.Build.0 = Release|Any CPU
		{053ECC71-E49D-4254-9A5A-7D36B3F50D37}.Debug|Any CPU.ActiveCfg = Debug|Any CPU
		{053ECC71-E49D-4254-9A5A-7D36B3F50D37}.Debug|Any CPU.Build.0 = Debug|Any CPU
		{053ECC71-E49D-4254-9A5A-7D36B3F50D37}.Release|Any CPU.ActiveCfg = Release|Any CPU
		{053ECC71-E49D-4254-9A5A-7D36B3F50D37}.Release|Any CPU.Build.0 = Release|Any CPU
		{D2D39939-3EAC-4599-BF5B-41228D7E3BBF}.Debug|Any CPU.ActiveCfg = Debug|Any CPU
		{D2D39939-3EAC-4599-BF5B-41228D7E3BBF}.Debug|Any CPU.Build.0 = Debug|Any CPU
		{D2D39939-3EAC-4599-BF5B-41228D7E3BBF}.Release|Any CPU.ActiveCfg = Release|Any CPU
		{D2D39939-3EAC-4599-BF5B-41228D7E3BBF}.Release|Any CPU.Build.0 = Release|Any CPU
		{E9EE5B1A-480E-4D3B-8D76-62CEB93AAAB8}.Debug|Any CPU.ActiveCfg = Debug|Any CPU
		{E9EE5B1A-480E-4D3B-8D76-62CEB93AAAB8}.Debug|Any CPU.Build.0 = Debug|Any CPU
		{E9EE5B1A-480E-4D3B-8D76-62CEB93AAAB8}.Release|Any CPU.ActiveCfg = Release|Any CPU
		{E9EE5B1A-480E-4D3B-8D76-62CEB93AAAB8}.Release|Any CPU.Build.0 = Release|Any CPU
		{E7756283-90B7-4450-A131-B7372F915532}.Debug|Any CPU.ActiveCfg = Debug|Any CPU
		{E7756283-90B7-4450-A131-B7372F915532}.Debug|Any CPU.Build.0 = Debug|Any CPU
		{E7756283-90B7-4450-A131-B7372F915532}.Release|Any CPU.ActiveCfg = Release|Any CPU
		{E7756283-90B7-4450-A131-B7372F915532}.Release|Any CPU.Build.0 = Release|Any CPU
		{5FFC728C-F2BB-48DE-BCD4-BB25F860BFDD}.Debug|Any CPU.ActiveCfg = Debug|Any CPU
		{5FFC728C-F2BB-48DE-BCD4-BB25F860BFDD}.Debug|Any CPU.Build.0 = Debug|Any CPU
		{5FFC728C-F2BB-48DE-BCD4-BB25F860BFDD}.Release|Any CPU.ActiveCfg = Release|Any CPU
		{5FFC728C-F2BB-48DE-BCD4-BB25F860BFDD}.Release|Any CPU.Build.0 = Release|Any CPU
		{B4503B4B-25D2-4580-84B8-FEBD08B9AF11}.Debug|Any CPU.ActiveCfg = Debug|Any CPU
		{B4503B4B-25D2-4580-84B8-FEBD08B9AF11}.Debug|Any CPU.Build.0 = Debug|Any CPU
		{B4503B4B-25D2-4580-84B8-FEBD08B9AF11}.Release|Any CPU.ActiveCfg = Release|Any CPU
		{B4503B4B-25D2-4580-84B8-FEBD08B9AF11}.Release|Any CPU.Build.0 = Release|Any CPU
	EndGlobalSection
	GlobalSection(SolutionProperties) = preSolution
		HideSolutionNode = FALSE
	EndGlobalSection
	GlobalSection(ExtensibilityGlobals) = postSolution
		SolutionGuid = {60B08E48-BCD6-483A-9F7C-C71DB592BAA9}
	EndGlobalSection
EndGlobal
